
Microsoft Visual Studio Solution File, Format Version 12.00
# Visual Studio Version 17
VisualStudioVersion = 17.1.32210.238
MinimumVisualStudioVersion = 10.0.40219.1
Project("{9A19103F-16F7-4668-BE54-9A1E7A4F7556}") = "BitcoinPricePresenter", "BitcoinPricePresenter\BitcoinPricePresenter.csproj", "{9C0E632F-CA4B-459B-978A-F85830098496}"
EndProject
Project("{9A19103F-16F7-4668-BE54-9A1E7A4F7556}") = "BitcoinPricePresenter.Abstractions", "BitcoinPricePresenter.Abstractions\BitcoinPricePresenter.Abstractions.csproj", "{F2746225-9156-440C-BEF6-F30DE318B6E1}"
EndProject
Project("{9A19103F-16F7-4668-BE54-9A1E7A4F7556}") = "BitcoinPricePresenter.Concrete", "BitcoinPricePresenter.Concrete\BitcoinPricePresenter.Concrete.csproj", "{D7BD3CB2-7DA5-4EAB-9D9D-9302134BC3E2}"
EndProject
Project("{9A19103F-16F7-4668-BE54-9A1E7A4F7556}") = "BitcoinPricePresenter.Data.Abstractions", "BitcoinPricePresenter.Data.Abstractions\BitcoinPricePresenter.Data.Abstractions.csproj", "{D86AF66E-1EAF-40A4-BEC1-464DB27B2667}"
EndProject
Project("{9A19103F-16F7-4668-BE54-9A1E7A4F7556}") = "BitcoinPricePresenter.Tests", "BitcoinPricePresenter.Tests\BitcoinPricePresenter.Tests.csproj", "{D6FED069-B32F-42CD-AB8E-82CB1938C78D}"
EndProject
Project("{9A19103F-16F7-4668-BE54-9A1E7A4F7556}") = "BitcoinPricePresenter.Data", "BitcoinPricePresenter.Data\BitcoinPricePresenter.Data.csproj", "{9F30B900-0B90-49D2-9510-A3537BF2629C}"
EndProject
Project("{2150E333-8FDC-42A3-9474-1A3956D46DE8}") = "Solution Items", "Solution Items", "{710DD614-4AF8-4D89-8E0E-07614E36BA15}"
	ProjectSection(SolutionItems) = preProject
		docker-compose.override.yaml = docker-compose.override.yaml
		docker-compose.yaml = docker-compose.yaml
		README.md = README.md
	EndProjectSection
EndProject
Global
	GlobalSection(SolutionConfigurationPlatforms) = preSolution
		Debug|Any CPU = Debug|Any CPU
		Release|Any CPU = Release|Any CPU
	EndGlobalSection
	GlobalSection(ProjectConfigurationPlatforms) = postSolution
		{9C0E632F-CA4B-459B-978A-F85830098496}.Debug|Any CPU.ActiveCfg = Debug|Any CPU
		{9C0E632F-CA4B-459B-978A-F85830098496}.Debug|Any CPU.Build.0 = Debug|Any CPU
		{9C0E632F-CA4B-459B-978A-F85830098496}.Release|Any CPU.ActiveCfg = Release|Any CPU
		{9C0E632F-CA4B-459B-978A-F85830098496}.Release|Any CPU.Build.0 = Release|Any CPU
		{F2746225-9156-440C-BEF6-F30DE318B6E1}.Debug|Any CPU.ActiveCfg = Debug|Any CPU
		{F2746225-9156-440C-BEF6-F30DE318B6E1}.Debug|Any CPU.Build.0 = Debug|Any CPU
		{F2746225-9156-440C-BEF6-F30DE318B6E1}.Release|Any CPU.ActiveCfg = Release|Any CPU
		{F2746225-9156-440C-BEF6-F30DE318B6E1}.Release|Any CPU.Build.0 = Release|Any CPU
		{D7BD3CB2-7DA5-4EAB-9D9D-9302134BC3E2}.Debug|Any CPU.ActiveCfg = Debug|Any CPU
		{D7BD3CB2-7DA5-4EAB-9D9D-9302134BC3E2}.Debug|Any CPU.Build.0 = Debug|Any CPU
		{D7BD3CB2-7DA5-4EAB-9D9D-9302134BC3E2}.Release|Any CPU.ActiveCfg = Release|Any CPU
		{D7BD3CB2-7DA5-4EAB-9D9D-9302134BC3E2}.Release|Any CPU.Build.0 = Release|Any CPU
		{D86AF66E-1EAF-40A4-BEC1-464DB27B2667}.Debug|Any CPU.ActiveCfg = Debug|Any CPU
		{D86AF66E-1EAF-40A4-BEC1-464DB27B2667}.Debug|Any CPU.Build.0 = Debug|Any CPU
		{D86AF66E-1EAF-40A4-BEC1-464DB27B2667}.Release|Any CPU.ActiveCfg = Release|Any CPU
		{D86AF66E-1EAF-40A4-BEC1-464DB27B2667}.Release|Any CPU.Build.0 = Release|Any CPU
		{D6FED069-B32F-42CD-AB8E-82CB1938C78D}.Debug|Any CPU.ActiveCfg = Debug|Any CPU
		{D6FED069-B32F-42CD-AB8E-82CB1938C78D}.Debug|Any CPU.Build.0 = Debug|Any CPU
		{D6FED069-B32F-42CD-AB8E-82CB1938C78D}.Release|Any CPU.ActiveCfg = Release|Any CPU
		{D6FED069-B32F-42CD-AB8E-82CB1938C78D}.Release|Any CPU.Build.0 = Release|Any CPU
		{9F30B900-0B90-49D2-9510-A3537BF2629C}.Debug|Any CPU.ActiveCfg = Debug|Any CPU
		{9F30B900-0B90-49D2-9510-A3537BF2629C}.Debug|Any CPU.Build.0 = Debug|Any CPU
		{9F30B900-0B90-49D2-9510-A3537BF2629C}.Release|Any CPU.ActiveCfg = Release|Any CPU
		{9F30B900-0B90-49D2-9510-A3537BF2629C}.Release|Any CPU.Build.0 = Release|Any CPU
	EndGlobalSection
	GlobalSection(SolutionProperties) = preSolution
		HideSolutionNode = FALSE
	EndGlobalSection
	GlobalSection(ExtensibilityGlobals) = postSolution
		SolutionGuid = {E598020C-8389-462D-9600-CB64A45A80C3}
	EndGlobalSection
EndGlobal
